// !$*UTF8*$!
{
	archiveVersion = 1;
	classes = {
	};
	objectVersion = 51;
	objects = {

/* Begin PBXBuildFile section */
		0C252ABF2487AA940027CE98 /* AppDelegate.swift in Sources */ = {isa = PBXBuildFile; fileRef = 0C252ABE2487AA940027CE98 /* AppDelegate.swift */; };
		0C252AC12487AA940027CE98 /* SceneDelegate.swift in Sources */ = {isa = PBXBuildFile; fileRef = 0C252AC02487AA940027CE98 /* SceneDelegate.swift */; };
		0C252AC62487AA940027CE98 /* Main.storyboard in Resources */ = {isa = PBXBuildFile; fileRef = 0C252AC42487AA940027CE98 /* Main.storyboard */; };
		0C252AC82487AA950027CE98 /* Assets.xcassets in Resources */ = {isa = PBXBuildFile; fileRef = 0C252AC72487AA950027CE98 /* Assets.xcassets */; };
		0C252ACB2487AA950027CE98 /* LaunchScreen.storyboard in Resources */ = {isa = PBXBuildFile; fileRef = 0C252AC92487AA950027CE98 /* LaunchScreen.storyboard */; };
		0C252AD32487B00F0027CE98 /* MainViewController.swift in Sources */ = {isa = PBXBuildFile; fileRef = 0C252AD22487B00F0027CE98 /* MainViewController.swift */; };
		0C252AD52487C73D0027CE98 /* CustomTableViewCell.swift in Sources */ = {isa = PBXBuildFile; fileRef = 0C252AD42487C73D0027CE98 /* CustomTableViewCell.swift */; };
		0C252AD72487CACB0027CE98 /* PlaceModel.swift in Sources */ = {isa = PBXBuildFile; fileRef = 0C252AD62487CACB0027CE98 /* PlaceModel.swift */; };
		0C252AD92488078D0027CE98 /* NewPlaceViewController.swift in Sources */ = {isa = PBXBuildFile; fileRef = 0C252AD82488078C0027CE98 /* NewPlaceViewController.swift */; };
		0C54EFB42497D1B5008F6E9A /* RatingControl.swift in Sources */ = {isa = PBXBuildFile; fileRef = 0C54EFB32497D1B5008F6E9A /* RatingControl.swift */; };
		0CFD87A7248E6497006E4E79 /* StorageManager.swift in Sources */ = {isa = PBXBuildFile; fileRef = 0CFD87A6248E6497006E4E79 /* StorageManager.swift */; };
		1C957428C91ADD9A03310C66 /* Pods_MyPlaces.framework in Frameworks */ = {isa = PBXBuildFile; fileRef = 4E96D3C793582686411E9D58 /* Pods_MyPlaces.framework */; };
/* End PBXBuildFile section */

/* Begin PBXFileReference section */
		0C252ABB2487AA940027CE98 /* MyPlaces.app */ = {isa = PBXFileReference; explicitFileType = wrapper.application; includeInIndex = 0; path = MyPlaces.app; sourceTree = BUILT_PRODUCTS_DIR; };
		0C252ABE2487AA940027CE98 /* AppDelegate.swift */ = {isa = PBXFileReference; lastKnownFileType = sourcecode.swift; path = AppDelegate.swift; sourceTree = "<group>"; };
		0C252AC02487AA940027CE98 /* SceneDelegate.swift */ = {isa = PBXFileReference; lastKnownFileType = sourcecode.swift; path = SceneDelegate.swift; sourceTree = "<group>"; };
		0C252AC52487AA940027CE98 /* Base */ = {isa = PBXFileReference; lastKnownFileType = file.storyboard; name = Base; path = Base.lproj/Main.storyboard; sourceTree = "<group>"; };
		0C252AC72487AA950027CE98 /* Assets.xcassets */ = {isa = PBXFileReference; lastKnownFileType = folder.assetcatalog; path = Assets.xcassets; sourceTree = "<group>"; };
		0C252ACA2487AA950027CE98 /* Base */ = {isa = PBXFileReference; lastKnownFileType = file.storyboard; name = Base; path = Base.lproj/LaunchScreen.storyboard; sourceTree = "<group>"; };
		0C252ACC2487AA950027CE98 /* Info.plist */ = {isa = PBXFileReference; lastKnownFileType = text.plist.xml; path = Info.plist; sourceTree = "<group>"; };
		0C252AD22487B00F0027CE98 /* MainViewController.swift */ = {isa = PBXFileReference; lastKnownFileType = sourcecode.swift; path = MainViewController.swift; sourceTree = "<group>"; };
		0C252AD42487C73D0027CE98 /* CustomTableViewCell.swift */ = {isa = PBXFileReference; lastKnownFileType = sourcecode.swift; path = CustomTableViewCell.swift; sourceTree = "<group>"; };
		0C252AD62487CACB0027CE98 /* PlaceModel.swift */ = {isa = PBXFileReference; lastKnownFileType = sourcecode.swift; path = PlaceModel.swift; sourceTree = "<group>"; };
		0C252AD82488078C0027CE98 /* NewPlaceViewController.swift */ = {isa = PBXFileReference; lastKnownFileType = sourcecode.swift; path = NewPlaceViewController.swift; sourceTree = "<group>"; };
		0C54EFB32497D1B5008F6E9A /* RatingControl.swift */ = {isa = PBXFileReference; lastKnownFileType = sourcecode.swift; path = RatingControl.swift; sourceTree = "<group>"; };
		0CFD87A6248E6497006E4E79 /* StorageManager.swift */ = {isa = PBXFileReference; lastKnownFileType = sourcecode.swift; path = StorageManager.swift; sourceTree = "<group>"; };
		1B2E6A2D2356DDA3F7A50D5E /* Pods-MyPlaces.release.xcconfig */ = {isa = PBXFileReference; includeInIndex = 1; lastKnownFileType = text.xcconfig; name = "Pods-MyPlaces.release.xcconfig"; path = "Target Support Files/Pods-MyPlaces/Pods-MyPlaces.release.xcconfig"; sourceTree = "<group>"; };
		4E96D3C793582686411E9D58 /* Pods_MyPlaces.framework */ = {isa = PBXFileReference; explicitFileType = wrapper.framework; includeInIndex = 0; path = Pods_MyPlaces.framework; sourceTree = BUILT_PRODUCTS_DIR; };
		D3790FC638230806946F5BAC /* Pods-MyPlaces.debug.xcconfig */ = {isa = PBXFileReference; includeInIndex = 1; lastKnownFileType = text.xcconfig; name = "Pods-MyPlaces.debug.xcconfig"; path = "Target Support Files/Pods-MyPlaces/Pods-MyPlaces.debug.xcconfig"; sourceTree = "<group>"; };
/* End PBXFileReference section */

/* Begin PBXFrameworksBuildPhase section */
		0C252AB82487AA940027CE98 /* Frameworks */ = {
			isa = PBXFrameworksBuildPhase;
			buildActionMask = 2147483647;
			files = (
				1C957428C91ADD9A03310C66 /* Pods_MyPlaces.framework in Frameworks */,
			);
			runOnlyForDeploymentPostprocessing = 0;
		};
/* End PBXFrameworksBuildPhase section */

/* Begin PBXGroup section */
		0C252AB22487AA940027CE98 = {
			isa = PBXGroup;
			children = (
				0C252ABD2487AA940027CE98 /* MyPlaces */,
				0C252ABC2487AA940027CE98 /* Products */,
				D946C8AA4F3EA0B45C0251A7 /* Pods */,
				854BFB9207A4529CB2712177 /* Frameworks */,
			);
			sourceTree = "<group>";
		};
		0C252ABC2487AA940027CE98 /* Products */ = {
			isa = PBXGroup;
			children = (
				0C252ABB2487AA940027CE98 /* MyPlaces.app */,
			);
			name = Products;
			sourceTree = "<group>";
		};
		0C252ABD2487AA940027CE98 /* MyPlaces */ = {
			isa = PBXGroup;
			children = (
				0C252ABE2487AA940027CE98 /* AppDelegate.swift */,
				0C252AC02487AA940027CE98 /* SceneDelegate.swift */,
				0C252AD22487B00F0027CE98 /* MainViewController.swift */,
				0C252AD82488078C0027CE98 /* NewPlaceViewController.swift */,
				0CFD87A6248E6497006E4E79 /* StorageManager.swift */,
				0C252AD62487CACB0027CE98 /* PlaceModel.swift */,
				0C252AD42487C73D0027CE98 /* CustomTableViewCell.swift */,
				0C54EFB32497D1B5008F6E9A /* RatingControl.swift */,
				0C252AC42487AA940027CE98 /* Main.storyboard */,
				0C252AC72487AA950027CE98 /* Assets.xcassets */,
				0C252AC92487AA950027CE98 /* LaunchScreen.storyboard */,
				0C252ACC2487AA950027CE98 /* Info.plist */,
			);
			path = MyPlaces;
			sourceTree = "<group>";
		};
		854BFB9207A4529CB2712177 /* Frameworks */ = {
			isa = PBXGroup;
			children = (
				4E96D3C793582686411E9D58 /* Pods_MyPlaces.framework */,
			);
			name = Frameworks;
			sourceTree = "<group>";
		};
		D946C8AA4F3EA0B45C0251A7 /* Pods */ = {
			isa = PBXGroup;
			children = (
				D3790FC638230806946F5BAC /* Pods-MyPlaces.debug.xcconfig */,
				1B2E6A2D2356DDA3F7A50D5E /* Pods-MyPlaces.release.xcconfig */,
			);
			path = Pods;
			sourceTree = "<group>";
		};
/* End PBXGroup section */

/* Begin PBXNativeTarget section */
		0C252ABA2487AA940027CE98 /* MyPlaces */ = {
			isa = PBXNativeTarget;
			buildConfigurationList = 0C252ACF2487AA950027CE98 /* Build configuration list for PBXNativeTarget "MyPlaces" */;
			buildPhases = (
				9BBA301A57E2444DFC05A693 /* [CP] Check Pods Manifest.lock */,
				0C252AB72487AA940027CE98 /* Sources */,
				0C252AB82487AA940027CE98 /* Frameworks */,
				0C252AB92487AA940027CE98 /* Resources */,
				1B7E75780EE8FF708D1AECB0 /* [CP] Embed Pods Frameworks */,
			);
			buildRules = (
			);
			dependencies = (
			);
			name = MyPlaces;
			productName = MyPlaces;
			productReference = 0C252ABB2487AA940027CE98 /* MyPlaces.app */;
			productType = "com.apple.product-type.application";
		};
/* End PBXNativeTarget section */

/* Begin PBXProject section */
		0C252AB32487AA940027CE98 /* Project object */ = {
			isa = PBXProject;
			attributes = {
				LastSwiftUpdateCheck = 1150;
				LastUpgradeCheck = 1150;
				ORGANIZATIONNAME = "Roman Monakhov";
				TargetAttributes = {
					0C252ABA2487AA940027CE98 = {
						CreatedOnToolsVersion = 11.5;
					};
				};
			};
			buildConfigurationList = 0C252AB62487AA940027CE98 /* Build configuration list for PBXProject "MyPlaces" */;
			compatibilityVersion = "Xcode 9.3";
			developmentRegion = en;
			hasScannedForEncodings = 0;
			knownRegions = (
				en,
				Base,
			);
			mainGroup = 0C252AB22487AA940027CE98;
			productRefGroup = 0C252ABC2487AA940027CE98 /* Products */;
			projectDirPath = "";
			projectRoot = "";
			targets = (
				0C252ABA2487AA940027CE98 /* MyPlaces */,
			);
		};
/* End PBXProject section */

/* Begin PBXResourcesBuildPhase section */
		0C252AB92487AA940027CE98 /* Resources */ = {
			isa = PBXResourcesBuildPhase;
			buildActionMask = 2147483647;
			files = (
				0C252ACB2487AA950027CE98 /* LaunchScreen.storyboard in Resources */,
				0C252AC82487AA950027CE98 /* Assets.xcassets in Resources */,
				0C252AC62487AA940027CE98 /* Main.storyboard in Resources */,
			);
			runOnlyForDeploymentPostprocessing = 0;
		};
/* End PBXResourcesBuildPhase section */

/* Begin PBXShellScriptBuildPhase section */
		1B7E75780EE8FF708D1AECB0 /* [CP] Embed Pods Frameworks */ = {
			isa = PBXShellScriptBuildPhase;
			buildActionMask = 2147483647;
			files = (
			);
			inputFileListPaths = (
				"${PODS_ROOT}/Target Support Files/Pods-MyPlaces/Pods-MyPlaces-frameworks-${CONFIGURATION}-input-files.xcfilelist",
			);
			name = "[CP] Embed Pods Frameworks";
			outputFileListPaths = (
				"${PODS_ROOT}/Target Support Files/Pods-MyPlaces/Pods-MyPlaces-frameworks-${CONFIGURATION}-output-files.xcfilelist",
			);
			runOnlyForDeploymentPostprocessing = 0;
			shellPath = /bin/sh;
			shellScript = "\"${PODS_ROOT}/Target Support Files/Pods-MyPlaces/Pods-MyPlaces-frameworks.sh\"\n";
			showEnvVarsInLog = 0;
		};
		9BBA301A57E2444DFC05A693 /* [CP] Check Pods Manifest.lock */ = {
			isa = PBXShellScriptBuildPhase;
			buildActionMask = 2147483647;
			files = (
			);
			inputFileListPaths = (
			);
			inputPaths = (
				"${PODS_PODFILE_DIR_PATH}/Podfile.lock",
				"${PODS_ROOT}/Manifest.lock",
			);
			name = "[CP] Check Pods Manifest.lock";
			outputFileListPaths = (
			);
			outputPaths = (
				"$(DERIVED_FILE_DIR)/Pods-MyPlaces-checkManifestLockResult.txt",
			);
			runOnlyForDeploymentPostprocessing = 0;
			shellPath = /bin/sh;
			shellScript = "diff \"${PODS_PODFILE_DIR_PATH}/Podfile.lock\" \"${PODS_ROOT}/Manifest.lock\" > /dev/null\nif [ $? != 0 ] ; then\n    # print error to STDERR\n    echo \"error: The sandbox is not in sync with the Podfile.lock. Run 'pod install' or update your CocoaPods installation.\" >&2\n    exit 1\nfi\n# This output is used by Xcode 'outputs' to avoid re-running this script phase.\necho \"SUCCESS\" > \"${SCRIPT_OUTPUT_FILE_0}\"\n";
			showEnvVarsInLog = 0;
		};
/* End PBXShellScriptBuildPhase section */

/* Begin PBXSourcesBuildPhase section */
		0C252AB72487AA940027CE98 /* Sources */ = {
			isa = PBXSourcesBuildPhase;
			buildActionMask = 2147483647;
			files = (
				0C252AD32487B00F0027CE98 /* MainViewController.swift in Sources */,
				0C252AD92488078D0027CE98 /* NewPlaceViewController.swift in Sources */,
				0C252ABF2487AA940027CE98 /* AppDelegate.swift in Sources */,
				0CFD87A7248E6497006E4E79 /* StorageManager.swift in Sources */,
				0C54EFB42497D1B5008F6E9A /* RatingControl.swift in Sources */,
				0C252AD72487CACB0027CE98 /* PlaceModel.swift in Sources */,
				0C252AD52487C73D0027CE98 /* CustomTableViewCell.swift in Sources */,
				0C252AC12487AA940027CE98 /* SceneDelegate.swift in Sources */,
			);
			runOnlyForDeploymentPostprocessing = 0;
		};
/* End PBXSourcesBuildPhase section */

/* Begin PBXVariantGroup section */
		0C252AC42487AA940027CE98 /* Main.storyboard */ = {
			isa = PBXVariantGroup;
			children = (
				0C252AC52487AA940027CE98 /* Base */,
			);
			name = Main.storyboard;
			sourceTree = "<group>";
		};
		0C252AC92487AA950027CE98 /* LaunchScreen.storyboard */ = {
			isa = PBXVariantGroup;
			children = (
				0C252ACA2487AA950027CE98 /* Base */,
			);
			name = LaunchScreen.storyboard;
			sourceTree = "<group>";
		};
/* End PBXVariantGroup section */

/* Begin XCBuildConfiguration section */
		0C252ACD2487AA950027CE98 /* Debug */ = {
			isa = XCBuildConfiguration;
			buildSettings = {
				ALWAYS_SEARCH_USER_PATHS = NO;
				CLANG_ANALYZER_NONNULL = YES;
				CLANG_ANALYZER_NUMBER_OBJECT_CONVERSION = YES_AGGRESSIVE;
				CLANG_CXX_LANGUAGE_STANDARD = "gnu++14";
				CLANG_CXX_LIBRARY = "libc++";
				CLANG_ENABLE_MODULES = YES;
				CLANG_ENABLE_OBJC_ARC = YES;
				CLANG_ENABLE_OBJC_WEAK = YES;
				CLANG_WARN_BLOCK_CAPTURE_AUTORELEASING = YES;
				CLANG_WARN_BOOL_CONVERSION = YES;
				CLANG_WARN_COMMA = YES;
				CLANG_WARN_CONSTANT_CONVERSION = YES;
				CLANG_WARN_DEPRECATED_OBJC_IMPLEMENTATIONS = YES;
				CLANG_WARN_DIRECT_OBJC_ISA_USAGE = YES_ERROR;
				CLANG_WARN_DOCUMENTATION_COMMENTS = YES;
				CLANG_WARN_EMPTY_BODY = YES;
				CLANG_WARN_ENUM_CONVERSION = YES;
				CLANG_WARN_INFINITE_RECURSION = YES;
				CLANG_WARN_INT_CONVERSION = YES;
				CLANG_WARN_NON_LITERAL_NULL_CONVERSION = YES;
				CLANG_WARN_OBJC_IMPLICIT_RETAIN_SELF = YES;
				CLANG_WARN_OBJC_LITERAL_CONVERSION = YES;
				CLANG_WARN_OBJC_ROOT_CLASS = YES_ERROR;
				CLANG_WARN_RANGE_LOOP_ANALYSIS = YES;
				CLANG_WARN_STRICT_PROTOTYPES = YES;
				CLANG_WARN_SUSPICIOUS_MOVE = YES;
				CLANG_WARN_UNGUARDED_AVAILABILITY = YES_AGGRESSIVE;
				CLANG_WARN_UNREACHABLE_CODE = YES;
				CLANG_WARN__DUPLICATE_METHOD_MATCH = YES;
				COPY_PHASE_STRIP = NO;
				DEBUG_INFORMATION_FORMAT = dwarf;
				ENABLE_STRICT_OBJC_MSGSEND = YES;
				ENABLE_TESTABILITY = YES;
				GCC_C_LANGUAGE_STANDARD = gnu11;
				GCC_DYNAMIC_NO_PIC = NO;
				GCC_NO_COMMON_BLOCKS = YES;
				GCC_OPTIMIZATION_LEVEL = 0;
				GCC_PREPROCESSOR_DEFINITIONS = (
					"DEBUG=1",
					"$(inherited)",
				);
				GCC_WARN_64_TO_32_BIT_CONVERSION = YES;
				GCC_WARN_ABOUT_RETURN_TYPE = YES_ERROR;
				GCC_WARN_UNDECLARED_SELECTOR = YES;
				GCC_WARN_UNINITIALIZED_AUTOS = YES_AGGRESSIVE;
				GCC_WARN_UNUSED_FUNCTION = YES;
				GCC_WARN_UNUSED_VARIABLE = YES;
				IPHONEOS_DEPLOYMENT_TARGET = 13.5;
				MTL_ENABLE_DEBUG_INFO = INCLUDE_SOURCE;
				MTL_FAST_MATH = YES;
				ONLY_ACTIVE_ARCH = YES;
				SDKROOT = iphoneos;
				SWIFT_ACTIVE_COMPILATION_CONDITIONS = DEBUG;
				SWIFT_OPTIMIZATION_LEVEL = "-Onone";
			};
			name = Debug;
		};
		0C252ACE2487AA950027CE98 /* Release */ = {
			isa = XCBuildConfiguration;
			buildSettings = {
				ALWAYS_SEARCH_USER_PATHS = NO;
				CLANG_ANALYZER_NONNULL = YES;
				CLANG_ANALYZER_NUMBER_OBJECT_CONVERSION = YES_AGGRESSIVE;
				CLANG_CXX_LANGUAGE_STANDARD = "gnu++14";
				CLANG_CXX_LIBRARY = "libc++";
				CLANG_ENABLE_MODULES = YES;
				CLANG_ENABLE_OBJC_ARC = YES;
				CLANG_ENABLE_OBJC_WEAK = YES;
				CLANG_WARN_BLOCK_CAPTURE_AUTORELEASING = YES;
				CLANG_WARN_BOOL_CONVERSION = YES;
				CLANG_WARN_COMMA = YES;
				CLANG_WARN_CONSTANT_CONVERSION = YES;
				CLANG_WARN_DEPRECATED_OBJC_IMPLEMENTATIONS = YES;
				CLANG_WARN_DIRECT_OBJC_ISA_USAGE = YES_ERROR;
				CLANG_WARN_DOCUMENTATION_COMMENTS = YES;
				CLANG_WARN_EMPTY_BODY = YES;
				CLANG_WARN_ENUM_CONVERSION = YES;
				CLANG_WARN_INFINITE_RECURSION = YES;
				CLANG_WARN_INT_CONVERSION = YES;
				CLANG_WARN_NON_LITERAL_NULL_CONVERSION = YES;
				CLANG_WARN_OBJC_IMPLICIT_RETAIN_SELF = YES;
				CLANG_WARN_OBJC_LITERAL_CONVERSION = YES;
				CLANG_WARN_OBJC_ROOT_CLASS = YES_ERROR;
				CLANG_WARN_RANGE_LOOP_ANALYSIS = YES;
				CLANG_WARN_STRICT_PROTOTYPES = YES;
				CLANG_WARN_SUSPICIOUS_MOVE = YES;
				CLANG_WARN_UNGUARDED_AVAILABILITY = YES_AGGRESSIVE;
				CLANG_WARN_UNREACHABLE_CODE = YES;
				CLANG_WARN__DUPLICATE_METHOD_MATCH = YES;
				COPY_PHASE_STRIP = NO;
				DEBUG_INFORMATION_FORMAT = "dwarf-with-dsym";
				ENABLE_NS_ASSERTIONS = NO;
				ENABLE_STRICT_OBJC_MSGSEND = YES;
				GCC_C_LANGUAGE_STANDARD = gnu11;
				GCC_NO_COMMON_BLOCKS = YES;
				GCC_WARN_64_TO_32_BIT_CONVERSION = YES;
				GCC_WARN_ABOUT_RETURN_TYPE = YES_ERROR;
				GCC_WARN_UNDECLARED_SELECTOR = YES;
				GCC_WARN_UNINITIALIZED_AUTOS = YES_AGGRESSIVE;
				GCC_WARN_UNUSED_FUNCTION = YES;
				GCC_WARN_UNUSED_VARIABLE = YES;
				IPHONEOS_DEPLOYMENT_TARGET = 13.5;
				MTL_ENABLE_DEBUG_INFO = NO;
				MTL_FAST_MATH = YES;
				SDKROOT = iphoneos;
				SWIFT_COMPILATION_MODE = wholemodule;
				SWIFT_OPTIMIZATION_LEVEL = "-O";
				VALIDATE_PRODUCT = YES;
			};
			name = Release;
		};
		0C252AD02487AA950027CE98 /* Debug */ = {
			isa = XCBuildConfiguration;
			baseConfigurationReference = D3790FC638230806946F5BAC /* Pods-MyPlaces.debug.xcconfig */;
			buildSettings = {
				ASSETCATALOG_COMPILER_APPICON_NAME = AppIcon;
				CODE_SIGN_STYLE = Automatic;
				DEVELOPMENT_TEAM = CUV8S5W7Y3;
				INFOPLIST_FILE = MyPlaces/Info.plist;
				IPHONEOS_DEPLOYMENT_TARGET = 13.0;
				LD_RUNPATH_SEARCH_PATHS = (
					"$(inherited)",
					"@executable_path/Frameworks",
				);
				PRODUCT_BUNDLE_IDENTIFIER = "ru.island-1-2-3-4.MyPlaces";
				PRODUCT_NAME = "$(TARGET_NAME)";
				SWIFT_VERSION = 5.0;
				TARGETED_DEVICE_FAMILY = "1,2";
			};
			name = Debug;
		};
		0C252AD12487AA950027CE98 /* Release */ = {
			isa = XCBuildConfiguration;
			baseConfigurationReference = 1B2E6A2D2356DDA3F7A50D5E /* Pods-MyPlaces.release.xcconfig */;
			buildSettings = {
				ASSETCATALOG_COMPILER_APPICON_NAME = AppIcon;
				CODE_SIGN_STYLE = Automatic;
				DEVELOPMENT_TEAM = CUV8S5W7Y3;
				INFOPLIST_FILE = MyPlaces/Info.plist;
				IPHONEOS_DEPLOYMENT_TARGET = 13.0;
				LD_RUNPATH_SEARCH_PATHS = (
					"$(inherited)",
					"@executable_path/Frameworks",
				);
				PRODUCT_BUNDLE_IDENTIFIER = "ru.island-1-2-3-4.MyPlaces";
				PRODUCT_NAME = "$(TARGET_NAME)";
				SWIFT_VERSION = 5.0;
				TARGETED_DEVICE_FAMILY = "1,2";
			};
			name = Release;
		};
/* End XCBuildConfiguration section */

/* Begin XCConfigurationList section */
		0C252AB62487AA940027CE98 /* Build configuration list for PBXProject "MyPlaces" */ = {
			isa = XCConfigurationList;
			buildConfigurations = (
				0C252ACD2487AA950027CE98 /* Debug */,
				0C252ACE2487AA950027CE98 /* Release */,
			);
			defaultConfigurationIsVisible = 0;
			defaultConfigurationName = Release;
		};
		0C252ACF2487AA950027CE98 /* Build configuration list for PBXNativeTarget "MyPlaces" */ = {
			isa = XCConfigurationList;
			buildConfigurations = (
				0C252AD02487AA950027CE98 /* Debug */,
				0C252AD12487AA950027CE98 /* Release */,
			);
			defaultConfigurationIsVisible = 0;
			defaultConfigurationName = Release;
		};
/* End XCConfigurationList section */
	};
	rootObject = 0C252AB32487AA940027CE98 /* Project object */;
}
